// !$*UTF8*$!
{
	archiveVersion = 1;
	classes = {
	};
	objectVersion = 46;
	objects = {

/* Begin PBXBuildFile section */
		148B14DD1985BB3C00357F28 /* Foundation.framework in Frameworks */ = {isa = PBXBuildFile; fileRef = 148B14DC1985BB3C00357F28 /* Foundation.framework */; };
		148B14DF1985BB3C00357F28 /* CoreGraphics.framework in Frameworks */ = {isa = PBXBuildFile; fileRef = 148B14DE1985BB3C00357F28 /* CoreGraphics.framework */; };
		148B14E11985BB3C00357F28 /* UIKit.framework in Frameworks */ = {isa = PBXBuildFile; fileRef = 148B14E01985BB3C00357F28 /* UIKit.framework */; };
		148B14E71985BB3C00357F28 /* InfoPlist.strings in Resources */ = {isa = PBXBuildFile; fileRef = 148B14E51985BB3C00357F28 /* InfoPlist.strings */; };
		148B14E91985BB3C00357F28 /* main.m in Sources */ = {isa = PBXBuildFile; fileRef = 148B14E81985BB3C00357F28 /* main.m */; };
		148B14ED1985BB3C00357F28 /* SMAppDelegate.m in Sources */ = {isa = PBXBuildFile; fileRef = 148B14EC1985BB3C00357F28 /* SMAppDelegate.m */; };
		148B14F01985BB3C00357F28 /* Main_iPhone.storyboard in Resources */ = {isa = PBXBuildFile; fileRef = 148B14EE1985BB3C00357F28 /* Main_iPhone.storyboard */; };
		148B14F31985BB3C00357F28 /* Main_iPad.storyboard in Resources */ = {isa = PBXBuildFile; fileRef = 148B14F11985BB3C00357F28 /* Main_iPad.storyboard */; };
		148B14F61985BB3C00357F28 /* SMViewController.m in Sources */ = {isa = PBXBuildFile; fileRef = 148B14F51985BB3C00357F28 /* SMViewController.m */; };
		148B14F81985BB3C00357F28 /* Images.xcassets in Resources */ = {isa = PBXBuildFile; fileRef = 148B14F71985BB3C00357F28 /* Images.xcassets */; };
		148B14FF1985BB3C00357F28 /* XCTest.framework in Frameworks */ = {isa = PBXBuildFile; fileRef = 148B14FE1985BB3C00357F28 /* XCTest.framework */; };
		148B15001985BB3C00357F28 /* Foundation.framework in Frameworks */ = {isa = PBXBuildFile; fileRef = 148B14DC1985BB3C00357F28 /* Foundation.framework */; };
		148B15011985BB3C00357F28 /* UIKit.framework in Frameworks */ = {isa = PBXBuildFile; fileRef = 148B14E01985BB3C00357F28 /* UIKit.framework */; };
		148B15091985BB3C00357F28 /* InfoPlist.strings in Resources */ = {isa = PBXBuildFile; fileRef = 148B15071985BB3C00357F28 /* InfoPlist.strings */; };
		148B150B1985BB3C00357F28 /* gotaTests.m in Sources */ = {isa = PBXBuildFile; fileRef = 148B150A1985BB3C00357F28 /* gotaTests.m */; };
		148B15161985C03700357F28 /* SMMapController.m in Sources */ = {isa = PBXBuildFile; fileRef = 148B15151985C03700357F28 /* SMMapController.m */; };
		148B15181985C38800357F28 /* GLKit.framework in Frameworks */ = {isa = PBXBuildFile; fileRef = 148B15171985C38800357F28 /* GLKit.framework */; };
		148B151A1985DD7400357F28 /* map.png in Resources */ = {isa = PBXBuildFile; fileRef = 148B15191985DD7400357F28 /* map.png */; };
/* End PBXBuildFile section */

/* Begin PBXContainerItemProxy section */
		148B15021985BB3C00357F28 /* PBXContainerItemProxy */ = {
			isa = PBXContainerItemProxy;
			containerPortal = 148B14D11985BB3C00357F28 /* Project object */;
			proxyType = 1;
			remoteGlobalIDString = 148B14D81985BB3C00357F28;
			remoteInfo = gota;
		};
/* End PBXContainerItemProxy section */

/* Begin PBXFileReference section */
		148B14D91985BB3C00357F28 /* gota.app */ = {isa = PBXFileReference; explicitFileType = wrapper.application; includeInIndex = 0; path = gota.app; sourceTree = BUILT_PRODUCTS_DIR; };
		148B14DC1985BB3C00357F28 /* Foundation.framework */ = {isa = PBXFileReference; lastKnownFileType = wrapper.framework; name = Foundation.framework; path = System/Library/Frameworks/Foundation.framework; sourceTree = SDKROOT; };
		148B14DE1985BB3C00357F28 /* CoreGraphics.framework */ = {isa = PBXFileReference; lastKnownFileType = wrapper.framework; name = CoreGraphics.framework; path = System/Library/Frameworks/CoreGraphics.framework; sourceTree = SDKROOT; };
		148B14E01985BB3C00357F28 /* UIKit.framework */ = {isa = PBXFileReference; lastKnownFileType = wrapper.framework; name = UIKit.framework; path = System/Library/Frameworks/UIKit.framework; sourceTree = SDKROOT; };
		148B14E41985BB3C00357F28 /* gota-Info.plist */ = {isa = PBXFileReference; lastKnownFileType = text.plist.xml; path = "gota-Info.plist"; sourceTree = "<group>"; };
		148B14E61985BB3C00357F28 /* en */ = {isa = PBXFileReference; lastKnownFileType = text.plist.strings; name = en; path = en.lproj/InfoPlist.strings; sourceTree = "<group>"; };
		148B14E81985BB3C00357F28 /* main.m */ = {isa = PBXFileReference; lastKnownFileType = sourcecode.c.objc; path = main.m; sourceTree = "<group>"; };
		148B14EA1985BB3C00357F28 /* gota-Prefix.pch */ = {isa = PBXFileReference; lastKnownFileType = sourcecode.c.h; path = "gota-Prefix.pch"; sourceTree = "<group>"; };
		148B14EB1985BB3C00357F28 /* SMAppDelegate.h */ = {isa = PBXFileReference; lastKnownFileType = sourcecode.c.h; path = SMAppDelegate.h; sourceTree = "<group>"; };
		148B14EC1985BB3C00357F28 /* SMAppDelegate.m */ = {isa = PBXFileReference; lastKnownFileType = sourcecode.c.objc; path = SMAppDelegate.m; sourceTree = "<group>"; };
		148B14EF1985BB3C00357F28 /* Base */ = {isa = PBXFileReference; lastKnownFileType = file.storyboard; name = Base; path = Base.lproj/Main_iPhone.storyboard; sourceTree = "<group>"; };
		148B14F21985BB3C00357F28 /* Base */ = {isa = PBXFileReference; lastKnownFileType = file.storyboard; name = Base; path = Base.lproj/Main_iPad.storyboard; sourceTree = "<group>"; };
		148B14F41985BB3C00357F28 /* SMViewController.h */ = {isa = PBXFileReference; lastKnownFileType = sourcecode.c.h; path = SMViewController.h; sourceTree = "<group>"; };
		148B14F51985BB3C00357F28 /* SMViewController.m */ = {isa = PBXFileReference; lastKnownFileType = sourcecode.c.objc; path = SMViewController.m; sourceTree = "<group>"; };
		148B14F71985BB3C00357F28 /* Images.xcassets */ = {isa = PBXFileReference; lastKnownFileType = folder.assetcatalog; path = Images.xcassets; sourceTree = "<group>"; };
		148B14FD1985BB3C00357F28 /* gotaTests.xctest */ = {isa = PBXFileReference; explicitFileType = wrapper.cfbundle; includeInIndex = 0; path = gotaTests.xctest; sourceTree = BUILT_PRODUCTS_DIR; };
		148B14FE1985BB3C00357F28 /* XCTest.framework */ = {isa = PBXFileReference; lastKnownFileType = wrapper.framework; name = XCTest.framework; path = Library/Frameworks/XCTest.framework; sourceTree = DEVELOPER_DIR; };
		148B15061985BB3C00357F28 /* gotaTests-Info.plist */ = {isa = PBXFileReference; lastKnownFileType = text.plist.xml; path = "gotaTests-Info.plist"; sourceTree = "<group>"; };
		148B15081985BB3C00357F28 /* en */ = {isa = PBXFileReference; lastKnownFileType = text.plist.strings; name = en; path = en.lproj/InfoPlist.strings; sourceTree = "<group>"; };
		148B150A1985BB3C00357F28 /* gotaTests.m */ = {isa = PBXFileReference; lastKnownFileType = sourcecode.c.objc; path = gotaTests.m; sourceTree = "<group>"; };
		148B15141985C03700357F28 /* SMMapController.h */ = {isa = PBXFileReference; fileEncoding = 4; lastKnownFileType = sourcecode.c.h; path = SMMapController.h; sourceTree = "<group>"; };
		148B15151985C03700357F28 /* SMMapController.m */ = {isa = PBXFileReference; fileEncoding = 4; lastKnownFileType = sourcecode.c.objc; path = SMMapController.m; sourceTree = "<group>"; };
		148B15171985C38800357F28 /* GLKit.framework */ = {isa = PBXFileReference; lastKnownFileType = wrapper.framework; name = GLKit.framework; path = System/Library/Frameworks/GLKit.framework; sourceTree = SDKROOT; };
		148B15191985DD7400357F28 /* map.png */ = {isa = PBXFileReference; lastKnownFileType = image.png; path = map.png; sourceTree = "<group>"; };
/* End PBXFileReference section */

/* Begin PBXFrameworksBuildPhase section */
		148B14D61985BB3C00357F28 /* Frameworks */ = {
			isa = PBXFrameworksBuildPhase;
			buildActionMask = 2147483647;
			files = (
				148B15181985C38800357F28 /* GLKit.framework in Frameworks */,
				148B14DF1985BB3C00357F28 /* CoreGraphics.framework in Frameworks */,
				148B14E11985BB3C00357F28 /* UIKit.framework in Frameworks */,
				148B14DD1985BB3C00357F28 /* Foundation.framework in Frameworks */,
			);
			runOnlyForDeploymentPostprocessing = 0;
		};
		148B14FA1985BB3C00357F28 /* Frameworks */ = {
			isa = PBXFrameworksBuildPhase;
			buildActionMask = 2147483647;
			files = (
				148B14FF1985BB3C00357F28 /* XCTest.framework in Frameworks */,
				148B15011985BB3C00357F28 /* UIKit.framework in Frameworks */,
				148B15001985BB3C00357F28 /* Foundation.framework in Frameworks */,
			);
			runOnlyForDeploymentPostprocessing = 0;
		};
/* End PBXFrameworksBuildPhase section */

/* Begin PBXGroup section */
		148B14D01985BB3C00357F28 = {
			isa = PBXGroup;
			children = (
				148B14E21985BB3C00357F28 /* gota */,
				148B15041985BB3C00357F28 /* gotaTests */,
				148B14DB1985BB3C00357F28 /* Frameworks */,
				148B14DA1985BB3C00357F28 /* Products */,
			);
			sourceTree = "<group>";
		};
		148B14DA1985BB3C00357F28 /* Products */ = {
			isa = PBXGroup;
			children = (
				148B14D91985BB3C00357F28 /* gota.app */,
				148B14FD1985BB3C00357F28 /* gotaTests.xctest */,
			);
			name = Products;
			sourceTree = "<group>";
		};
		148B14DB1985BB3C00357F28 /* Frameworks */ = {
			isa = PBXGroup;
			children = (
				148B15171985C38800357F28 /* GLKit.framework */,
				148B14DC1985BB3C00357F28 /* Foundation.framework */,
				148B14DE1985BB3C00357F28 /* CoreGraphics.framework */,
				148B14E01985BB3C00357F28 /* UIKit.framework */,
				148B14FE1985BB3C00357F28 /* XCTest.framework */,
			);
			name = Frameworks;
			sourceTree = "<group>";
		};
		148B14E21985BB3C00357F28 /* gota */ = {
			isa = PBXGroup;
			children = (
				148B15191985DD7400357F28 /* map.png */,
				148B14EB1985BB3C00357F28 /* SMAppDelegate.h */,
				148B14EC1985BB3C00357F28 /* SMAppDelegate.m */,
				148B14EE1985BB3C00357F28 /* Main_iPhone.storyboard */,
				148B14F11985BB3C00357F28 /* Main_iPad.storyboard */,
				148B14F41985BB3C00357F28 /* SMViewController.h */,
				148B14F51985BB3C00357F28 /* SMViewController.m */,
				148B14F71985BB3C00357F28 /* Images.xcassets */,
				148B14E31985BB3C00357F28 /* Supporting Files */,
				148B15141985C03700357F28 /* SMMapController.h */,
				148B15151985C03700357F28 /* SMMapController.m */,
			);
			path = gota;
			sourceTree = "<group>";
		};
		148B14E31985BB3C00357F28 /* Supporting Files */ = {
			isa = PBXGroup;
			children = (
				148B14E41985BB3C00357F28 /* gota-Info.plist */,
				148B14E51985BB3C00357F28 /* InfoPlist.strings */,
				148B14E81985BB3C00357F28 /* main.m */,
				148B14EA1985BB3C00357F28 /* gota-Prefix.pch */,
			);
			name = "Supporting Files";
			sourceTree = "<group>";
		};
		148B15041985BB3C00357F28 /* gotaTests */ = {
			isa = PBXGroup;
			children = (
				148B150A1985BB3C00357F28 /* gotaTests.m */,
				148B15051985BB3C00357F28 /* Supporting Files */,
			);
			path = gotaTests;
			sourceTree = "<group>";
		};
		148B15051985BB3C00357F28 /* Supporting Files */ = {
			isa = PBXGroup;
			children = (
				148B15061985BB3C00357F28 /* gotaTests-Info.plist */,
				148B15071985BB3C00357F28 /* InfoPlist.strings */,
			);
			name = "Supporting Files";
			sourceTree = "<group>";
		};
/* End PBXGroup section */

/* Begin PBXNativeTarget section */
		148B14D81985BB3C00357F28 /* gota */ = {
			isa = PBXNativeTarget;
			buildConfigurationList = 148B150E1985BB3C00357F28 /* Build configuration list for PBXNativeTarget "gota" */;
			buildPhases = (
				148B14D51985BB3C00357F28 /* Sources */,
				148B14D61985BB3C00357F28 /* Frameworks */,
				148B14D71985BB3C00357F28 /* Resources */,
			);
			buildRules = (
			);
			dependencies = (
			);
			name = gota;
			productName = gota;
			productReference = 148B14D91985BB3C00357F28 /* gota.app */;
			productType = "com.apple.product-type.application";
		};
		148B14FC1985BB3C00357F28 /* gotaTests */ = {
			isa = PBXNativeTarget;
			buildConfigurationList = 148B15111985BB3C00357F28 /* Build configuration list for PBXNativeTarget "gotaTests" */;
			buildPhases = (
				148B14F91985BB3C00357F28 /* Sources */,
				148B14FA1985BB3C00357F28 /* Frameworks */,
				148B14FB1985BB3C00357F28 /* Resources */,
			);
			buildRules = (
			);
			dependencies = (
				148B15031985BB3C00357F28 /* PBXTargetDependency */,
			);
			name = gotaTests;
			productName = gotaTests;
			productReference = 148B14FD1985BB3C00357F28 /* gotaTests.xctest */;
			productType = "com.apple.product-type.bundle.unit-test";
		};
/* End PBXNativeTarget section */

/* Begin PBXProject section */
		148B14D11985BB3C00357F28 /* Project object */ = {
			isa = PBXProject;
			attributes = {
				CLASSPREFIX = SM;
				LastUpgradeCheck = 0510;
				ORGANIZATIONNAME = "___FULLUSERNAME___";
				TargetAttributes = {
					148B14FC1985BB3C00357F28 = {
						TestTargetID = 148B14D81985BB3C00357F28;
					};
				};
			};
			buildConfigurationList = 148B14D41985BB3C00357F28 /* Build configuration list for PBXProject "gota" */;
			compatibilityVersion = "Xcode 3.2";
			developmentRegion = English;
			hasScannedForEncodings = 0;
			knownRegions = (
				en,
				Base,
			);
			mainGroup = 148B14D01985BB3C00357F28;
			productRefGroup = 148B14DA1985BB3C00357F28 /* Products */;
			projectDirPath = "";
			projectRoot = "";
			targets = (
				148B14D81985BB3C00357F28 /* gota */,
				148B14FC1985BB3C00357F28 /* gotaTests */,
			);
		};
/* End PBXProject section */

/* Begin PBXResourcesBuildPhase section */
		148B14D71985BB3C00357F28 /* Resources */ = {
			isa = PBXResourcesBuildPhase;
			buildActionMask = 2147483647;
			files = (
				148B14F31985BB3C00357F28 /* Main_iPad.storyboard in Resources */,
				148B151A1985DD7400357F28 /* map.png in Resources */,
				148B14F81985BB3C00357F28 /* Images.xcassets in Resources */,
				148B14F01985BB3C00357F28 /* Main_iPhone.storyboard in Resources */,
				148B14E71985BB3C00357F28 /* InfoPlist.strings in Resources */,
			);
			runOnlyForDeploymentPostprocessing = 0;
		};
		148B14FB1985BB3C00357F28 /* Resources */ = {
			isa = PBXResourcesBuildPhase;
			buildActionMask = 2147483647;
			files = (
				148B15091985BB3C00357F28 /* InfoPlist.strings in Resources */,
			);
			runOnlyForDeploymentPostprocessing = 0;
		};
/* End PBXResourcesBuildPhase section */

/* Begin PBXSourcesBuildPhase section */
		148B14D51985BB3C00357F28 /* Sources */ = {
			isa = PBXSourcesBuildPhase;
			buildActionMask = 2147483647;
			files = (
				148B14ED1985BB3C00357F28 /* SMAppDelegate.m in Sources */,
				148B14F61985BB3C00357F28 /* SMViewController.m in Sources */,
				148B15161985C03700357F28 /* SMMapController.m in Sources */,
				148B14E91985BB3C00357F28 /* main.m in Sources */,
			);
			runOnlyForDeploymentPostprocessing = 0;
		};
		148B14F91985BB3C00357F28 /* Sources */ = {
			isa = PBXSourcesBuildPhase;
			buildActionMask = 2147483647;
			files = (
				148B150B1985BB3C00357F28 /* gotaTests.m in Sources */,
			);
			runOnlyForDeploymentPostprocessing = 0;
		};
/* End PBXSourcesBuildPhase section */

/* Begin PBXTargetDependency section */
		148B15031985BB3C00357F28 /* PBXTargetDependency */ = {
			isa = PBXTargetDependency;
			target = 148B14D81985BB3C00357F28 /* gota */;
			targetProxy = 148B15021985BB3C00357F28 /* PBXContainerItemProxy */;
		};
/* End PBXTargetDependency section */

/* Begin PBXVariantGroup section */
		148B14E51985BB3C00357F28 /* InfoPlist.strings */ = {
			isa = PBXVariantGroup;
			children = (
				148B14E61985BB3C00357F28 /* en */,
			);
			name = InfoPlist.strings;
			sourceTree = "<group>";
		};
		148B14EE1985BB3C00357F28 /* Main_iPhone.storyboard */ = {
			isa = PBXVariantGroup;
			children = (
				148B14EF1985BB3C00357F28 /* Base */,
			);
			name = Main_iPhone.storyboard;
			sourceTree = "<group>";
		};
		148B14F11985BB3C00357F28 /* Main_iPad.storyboard */ = {
			isa = PBXVariantGroup;
			children = (
				148B14F21985BB3C00357F28 /* Base */,
			);
			name = Main_iPad.storyboard;
			sourceTree = "<group>";
		};
		148B15071985BB3C00357F28 /* InfoPlist.strings */ = {
			isa = PBXVariantGroup;
			children = (
				148B15081985BB3C00357F28 /* en */,
			);
			name = InfoPlist.strings;
			sourceTree = "<group>";
		};
/* End PBXVariantGroup section */

/* Begin XCBuildConfiguration section */
		148B150C1985BB3C00357F28 /* Debug */ = {
			isa = XCBuildConfiguration;
			buildSettings = {
				ALWAYS_SEARCH_USER_PATHS = NO;
				CLANG_CXX_LANGUAGE_STANDARD = "gnu++0x";
				CLANG_CXX_LIBRARY = "libc++";
				CLANG_ENABLE_MODULES = YES;
				CLANG_ENABLE_OBJC_ARC = YES;
				CLANG_WARN_BOOL_CONVERSION = YES;
				CLANG_WARN_CONSTANT_CONVERSION = YES;
				CLANG_WARN_DIRECT_OBJC_ISA_USAGE = YES_ERROR;
				CLANG_WARN_EMPTY_BODY = YES;
				CLANG_WARN_ENUM_CONVERSION = YES;
				CLANG_WARN_INT_CONVERSION = YES;
				CLANG_WARN_OBJC_ROOT_CLASS = YES_ERROR;
				CLANG_WARN__DUPLICATE_METHOD_MATCH = YES;
				"CODE_SIGN_IDENTITY[sdk=iphoneos*]" = "iPhone Developer";
				COPY_PHASE_STRIP = NO;
				GCC_C_LANGUAGE_STANDARD = gnu99;
				GCC_DYNAMIC_NO_PIC = NO;
				GCC_OPTIMIZATION_LEVEL = 0;
				GCC_PREPROCESSOR_DEFINITIONS = (
					"DEBUG=1",
					"$(inherited)",
				);
				GCC_SYMBOLS_PRIVATE_EXTERN = NO;
				GCC_WARN_64_TO_32_BIT_CONVERSION = YES;
				GCC_WARN_ABOUT_RETURN_TYPE = YES_ERROR;
				GCC_WARN_UNDECLARED_SELECTOR = YES;
				GCC_WARN_UNINITIALIZED_AUTOS = YES_AGGRESSIVE;
				GCC_WARN_UNUSED_FUNCTION = YES;
				GCC_WARN_UNUSED_VARIABLE = YES;
				IPHONEOS_DEPLOYMENT_TARGET = 7.1;
				ONLY_ACTIVE_ARCH = YES;
				SDKROOT = iphoneos;
				TARGETED_DEVICE_FAMILY = "1,2";
			};
			name = Debug;
		};
		148B150D1985BB3C00357F28 /* Release */ = {
			isa = XCBuildConfiguration;
			buildSettings = {
				ALWAYS_SEARCH_USER_PATHS = NO;
				CLANG_CXX_LANGUAGE_STANDARD = "gnu++0x";
				CLANG_CXX_LIBRARY = "libc++";
				CLANG_ENABLE_MODULES = YES;
				CLANG_ENABLE_OBJC_ARC = YES;
				CLANG_WARN_BOOL_CONVERSION = YES;
				CLANG_WARN_CONSTANT_CONVERSION = YES;
				CLANG_WARN_DIRECT_OBJC_ISA_USAGE = YES_ERROR;
				CLANG_WARN_EMPTY_BODY = YES;
				CLANG_WARN_ENUM_CONVERSION = YES;
				CLANG_WARN_INT_CONVERSION = YES;
				CLANG_WARN_OBJC_ROOT_CLASS = YES_ERROR;
				CLANG_WARN__DUPLICATE_METHOD_MATCH = YES;
				"CODE_SIGN_IDENTITY[sdk=iphoneos*]" = "iPhone Developer";
				COPY_PHASE_STRIP = YES;
				ENABLE_NS_ASSERTIONS = NO;
				GCC_C_LANGUAGE_STANDARD = gnu99;
				GCC_WARN_64_TO_32_BIT_CONVERSION = YES;
				GCC_WARN_ABOUT_RETURN_TYPE = YES_ERROR;
				GCC_WARN_UNDECLARED_SELECTOR = YES;
				GCC_WARN_UNINITIALIZED_AUTOS = YES_AGGRESSIVE;
				GCC_WARN_UNUSED_FUNCTION = YES;
				GCC_WARN_UNUSED_VARIABLE = YES;
				IPHONEOS_DEPLOYMENT_TARGET = 7.1;
				SDKROOT = iphoneos;
				TARGETED_DEVICE_FAMILY = "1,2";
				VALIDATE_PRODUCT = YES;
			};
			name = Release;
		};
		148B150F1985BB3C00357F28 /* Debug */ = {
			isa = XCBuildConfiguration;
			buildSettings = {
				ASSETCATALOG_COMPILER_APPICON_NAME = AppIcon;
				ASSETCATALOG_COMPILER_LAUNCHIMAGE_NAME = LaunchImage;
				GCC_PRECOMPILE_PREFIX_HEADER = YES;
				GCC_PREFIX_HEADER = "gota/gota-Prefix.pch";
				INFOPLIST_FILE = "gota/gota-Info.plist";
				PRODUCT_NAME = "$(TARGET_NAME)";
				WRAPPER_EXTENSION = app;
			};
			name = Debug;
		};
		148B15101985BB3C00357F28 /* Release */ = {
			isa = XCBuildConfiguration;
			buildSettings = {
				ASSETCATALOG_COMPILER_APPICON_NAME = AppIcon;
				ASSETCATALOG_COMPILER_LAUNCHIMAGE_NAME = LaunchImage;
				GCC_PRECOMPILE_PREFIX_HEADER = YES;
				GCC_PREFIX_HEADER = "gota/gota-Prefix.pch";
				INFOPLIST_FILE = "gota/gota-Info.plist";
				PRODUCT_NAME = "$(TARGET_NAME)";
				WRAPPER_EXTENSION = app;
			};
			name = Release;
		};
		148B15121985BB3C00357F28 /* Debug */ = {
			isa = XCBuildConfiguration;
			buildSettings = {
				BUNDLE_LOADER = "$(BUILT_PRODUCTS_DIR)/gota.app/gota";
				FRAMEWORK_SEARCH_PATHS = (
					"$(SDKROOT)/Developer/Library/Frameworks",
					"$(inherited)",
					"$(DEVELOPER_FRAMEWORKS_DIR)",
				);
				GCC_PRECOMPILE_PREFIX_HEADER = YES;
				GCC_PREFIX_HEADER = "gota/gota-Prefix.pch";
				GCC_PREPROCESSOR_DEFINITIONS = (
					"DEBUG=1",
					"$(inherited)",
				);
				INFOPLIST_FILE = "gotaTests/gotaTests-Info.plist";
				PRODUCT_NAME = "$(TARGET_NAME)";
				TEST_HOST = "$(BUNDLE_LOADER)";
				WRAPPER_EXTENSION = xctest;
			};
			name = Debug;
		};
		148B15131985BB3C00357F28 /* Release */ = {
			isa = XCBuildConfiguration;
			buildSettings = {
				BUNDLE_LOADER = "$(BUILT_PRODUCTS_DIR)/gota.app/gota";
				FRAMEWORK_SEARCH_PATHS = (
					"$(SDKROOT)/Developer/Library/Frameworks",
					"$(inherited)",
					"$(DEVELOPER_FRAMEWORKS_DIR)",
				);
				GCC_PRECOMPILE_PREFIX_HEADER = YES;
				GCC_PREFIX_HEADER = "gota/gota-Prefix.pch";
				INFOPLIST_FILE = "gotaTests/gotaTests-Info.plist";
				PRODUCT_NAME = "$(TARGET_NAME)";
				TEST_HOST = "$(BUNDLE_LOADER)";
				WRAPPER_EXTENSION = xctest;
			};
			name = Release;
		};
/* End XCBuildConfiguration section */

/* Begin XCConfigurationList section */
		148B14D41985BB3C00357F28 /* Build configuration list for PBXProject "gota" */ = {
			isa = XCConfigurationList;
			buildConfigurations = (
				148B150C1985BB3C00357F28 /* Debug */,
				148B150D1985BB3C00357F28 /* Release */,
			);
			defaultConfigurationIsVisible = 0;
			defaultConfigurationName = Release;
		};
		148B150E1985BB3C00357F28 /* Build configuration list for PBXNativeTarget "gota" */ = {
			isa = XCConfigurationList;
			buildConfigurations = (
				148B150F1985BB3C00357F28 /* Debug */,
				148B15101985BB3C00357F28 /* Release */,
			);
			defaultConfigurationIsVisible = 0;
		};
		148B15111985BB3C00357F28 /* Build configuration list for PBXNativeTarget "gotaTests" */ = {
			isa = XCConfigurationList;
			buildConfigurations = (
				148B15121985BB3C00357F28 /* Debug */,
				148B15131985BB3C00357F28 /* Release */,
			);
			defaultConfigurationIsVisible = 0;
		};
/* End XCConfigurationList section */
	};
	rootObject = 148B14D11985BB3C00357F28 /* Project object */;
}
